Microsoft Visual Studio Solution File, Format Version 11.00
# Visual Studio 2008

Project("{BA6E937A-A3D0-3F23-F4D9-A5FC00231F21}") = "MergeTest", "Assembly-CSharp.csproj", "{90ADE12C-F69A-A12A-164D-7A16845FB9F3}"
EndProject
Project("{BA6E937A-A3D0-3F23-F4D9-A5FC00231F21}") = "MergeTest", "Assembly-CSharp-Editor.csproj", "{5EC8A8DA-FBE6-CDF0-450C-7ADC701514BB}"
EndProject
Global
	GlobalSection(SolutionConfigurationPlatforms) = preSolution
		Debug|Any CPU = Debug|Any CPU
		Release|Any CPU = Release|Any CPU
	EndGlobalSection
	GlobalSection(ProjectConfigurationPlatforms) = postSolution
		{90ADE12C-F69A-A12A-164D-7A16845FB9F3}.Debug|Any CPU.ActiveCfg = Debug|Any CPU
		{90ADE12C-F69A-A12A-164D-7A16845FB9F3}.Debug|Any CPU.Build.0 = Debug|Any CPU
		{90ADE12C-F69A-A12A-164D-7A16845FB9F3}.Release|Any CPU.ActiveCfg = Release|Any CPU
		{90ADE12C-F69A-A12A-164D-7A16845FB9F3}.Release|Any CPU.Build.0 = Release|Any CPU
		{5EC8A8DA-FBE6-CDF0-450C-7ADC701514BB}.Debug|Any CPU.ActiveCfg = Debug|Any CPU
		{5EC8A8DA-FBE6-CDF0-450C-7ADC701514BB}.Debug|Any CPU.Build.0 = Debug|Any CPU
		{5EC8A8DA-FBE6-CDF0-450C-7ADC701514BB}.Release|Any CPU.ActiveCfg = Release|Any CPU
		{5EC8A8DA-FBE6-CDF0-450C-7ADC701514BB}.Release|Any CPU.Build.0 = Release|Any CPU
	EndGlobalSection
	GlobalSection(SolutionProperties) = preSolution
		HideSolutionNode = FALSE
	EndGlobalSection
	GlobalSection(MonoDevelopProperties) = preSolution
		StartupItem = Assembly-CSharp.csproj
	EndGlobalSection
EndGlobal
